
Microsoft Visual Studio Solution File, Format Version 12.00
Project("{FAE04EC0-301F-11D3-BF4B-00C04F79EFBC}") = "fetcherski.service", "fetcherski.service\fetcherski.service.csproj", "{C63E10DE-2553-4F1E-A605-8013CFBCEC51}"
EndProject
Project("{FAE04EC0-301F-11D3-BF4B-00C04F79EFBC}") = "fetcherski.controllers", "fetcherski.controllers\fetcherski.controllers.csproj", "{47F2F9F8-C0D4-40B7-BCD9-2D4F5BB45B07}"
EndProject
Project("{FAE04EC0-301F-11D3-BF4B-00C04F79EFBC}") = "fetcherski.database", "fetcherski.database\fetcherski.database.csproj", "{BAEACF16-B973-4016-93C5-FDFCF0BDD98A}"
EndProject
Project("{FAE04EC0-301F-11D3-BF4B-00C04F79EFBC}") = "fetcherski.client", "fetcherski.client\fetcherski.client.csproj", "{847C3A11-20ED-4AD0-8E50-C22AEC7FB343}"
EndProject
Project("{FAE04EC0-301F-11D3-BF4B-00C04F79EFBC}") = "fetcherski.clienthost", "fetcherski.clienthost\fetcherski.clienthost.csproj", "{F90BF619-009F-4A50-BC23-1CDC8CE2C3BE}"
EndProject
Project("{FAE04EC0-301F-11D3-BF4B-00C04F79EFBC}") = "fetcherski.tools", "fetcherski.tools\fetcherski.tools.csproj", "{9E589165-5B89-42A7-B504-6E3AB54B0246}"
EndProject
Project("{FAE04EC0-301F-11D3-BF4B-00C04F79EFBC}") = "fetcherski.test", "fetcherski.test\fetcherski.test.csproj", "{71954104-DB14-4D78-B147-BD9284A1C89D}"
EndProject
Project("{FAE04EC0-301F-11D3-BF4B-00C04F79EFBC}") = "fetcherski.benchmarks", "fetcherski.benchmarks\fetcherski.benchmarks.csproj", "{22F65890-BE0D-447A-94A8-FB07052D3BA7}"
EndProject
Project("{FAE04EC0-301F-11D3-BF4B-00C04F79EFBC}") = "fetcherski.grpc", "fetcherski.grpc\fetcherski.grpc.csproj", "{21DBF5F2-DC77-4264-9169-8063D09D5902}"
EndProject
Project("{FAE04EC0-301F-11D3-BF4B-00C04F79EFBC}") = "fetcherski.grpcclient", "fetcherski.grpcclient\fetcherski.grpcclient.csproj", "{7FBA113C-0E89-4733-84AD-4923171EDACD}"
EndProject
Project("{F2A71F9B-5D33-465A-A702-920D77279786}") = "fetcherski.controllers.fs", "fetcherski.controllers.fs\fetcherski.controllers.fs.fsproj", "{719ECB19-2DD2-4152-8D0D-7A453FA34046}"
EndProject
Global
	GlobalSection(SolutionConfigurationPlatforms) = preSolution
		Debug|Any CPU = Debug|Any CPU
		Release|Any CPU = Release|Any CPU
	EndGlobalSection
	GlobalSection(ProjectConfigurationPlatforms) = postSolution
		{C63E10DE-2553-4F1E-A605-8013CFBCEC51}.Debug|Any CPU.ActiveCfg = Debug|Any CPU
		{C63E10DE-2553-4F1E-A605-8013CFBCEC51}.Debug|Any CPU.Build.0 = Debug|Any CPU
		{C63E10DE-2553-4F1E-A605-8013CFBCEC51}.Release|Any CPU.ActiveCfg = Release|Any CPU
		{C63E10DE-2553-4F1E-A605-8013CFBCEC51}.Release|Any CPU.Build.0 = Release|Any CPU
		{47F2F9F8-C0D4-40B7-BCD9-2D4F5BB45B07}.Debug|Any CPU.ActiveCfg = Debug|Any CPU
		{47F2F9F8-C0D4-40B7-BCD9-2D4F5BB45B07}.Debug|Any CPU.Build.0 = Debug|Any CPU
		{47F2F9F8-C0D4-40B7-BCD9-2D4F5BB45B07}.Release|Any CPU.ActiveCfg = Release|Any CPU
		{47F2F9F8-C0D4-40B7-BCD9-2D4F5BB45B07}.Release|Any CPU.Build.0 = Release|Any CPU
		{BAEACF16-B973-4016-93C5-FDFCF0BDD98A}.Debug|Any CPU.ActiveCfg = Debug|Any CPU
		{BAEACF16-B973-4016-93C5-FDFCF0BDD98A}.Debug|Any CPU.Build.0 = Debug|Any CPU
		{BAEACF16-B973-4016-93C5-FDFCF0BDD98A}.Release|Any CPU.ActiveCfg = Release|Any CPU
		{BAEACF16-B973-4016-93C5-FDFCF0BDD98A}.Release|Any CPU.Build.0 = Release|Any CPU
		{847C3A11-20ED-4AD0-8E50-C22AEC7FB343}.Debug|Any CPU.ActiveCfg = Debug|Any CPU
		{847C3A11-20ED-4AD0-8E50-C22AEC7FB343}.Debug|Any CPU.Build.0 = Debug|Any CPU
		{847C3A11-20ED-4AD0-8E50-C22AEC7FB343}.Release|Any CPU.ActiveCfg = Release|Any CPU
		{847C3A11-20ED-4AD0-8E50-C22AEC7FB343}.Release|Any CPU.Build.0 = Release|Any CPU
		{F90BF619-009F-4A50-BC23-1CDC8CE2C3BE}.Debug|Any CPU.ActiveCfg = Debug|Any CPU
		{F90BF619-009F-4A50-BC23-1CDC8CE2C3BE}.Debug|Any CPU.Build.0 = Debug|Any CPU
		{F90BF619-009F-4A50-BC23-1CDC8CE2C3BE}.Release|Any CPU.ActiveCfg = Release|Any CPU
		{F90BF619-009F-4A50-BC23-1CDC8CE2C3BE}.Release|Any CPU.Build.0 = Release|Any CPU
		{9E589165-5B89-42A7-B504-6E3AB54B0246}.Debug|Any CPU.ActiveCfg = Debug|Any CPU
		{9E589165-5B89-42A7-B504-6E3AB54B0246}.Debug|Any CPU.Build.0 = Debug|Any CPU
		{9E589165-5B89-42A7-B504-6E3AB54B0246}.Release|Any CPU.ActiveCfg = Release|Any CPU
		{9E589165-5B89-42A7-B504-6E3AB54B0246}.Release|Any CPU.Build.0 = Release|Any CPU
		{71954104-DB14-4D78-B147-BD9284A1C89D}.Debug|Any CPU.ActiveCfg = Debug|Any CPU
		{71954104-DB14-4D78-B147-BD9284A1C89D}.Debug|Any CPU.Build.0 = Debug|Any CPU
		{71954104-DB14-4D78-B147-BD9284A1C89D}.Release|Any CPU.ActiveCfg = Release|Any CPU
		{71954104-DB14-4D78-B147-BD9284A1C89D}.Release|Any CPU.Build.0 = Release|Any CPU
		{22F65890-BE0D-447A-94A8-FB07052D3BA7}.Debug|Any CPU.ActiveCfg = Debug|Any CPU
		{22F65890-BE0D-447A-94A8-FB07052D3BA7}.Debug|Any CPU.Build.0 = Debug|Any CPU
		{22F65890-BE0D-447A-94A8-FB07052D3BA7}.Release|Any CPU.ActiveCfg = Release|Any CPU
		{22F65890-BE0D-447A-94A8-FB07052D3BA7}.Release|Any CPU.Build.0 = Release|Any CPU
		{21DBF5F2-DC77-4264-9169-8063D09D5902}.Debug|Any CPU.ActiveCfg = Debug|Any CPU
		{21DBF5F2-DC77-4264-9169-8063D09D5902}.Debug|Any CPU.Build.0 = Debug|Any CPU
		{21DBF5F2-DC77-4264-9169-8063D09D5902}.Release|Any CPU.ActiveCfg = Release|Any CPU
		{21DBF5F2-DC77-4264-9169-8063D09D5902}.Release|Any CPU.Build.0 = Release|Any CPU
		{7FBA113C-0E89-4733-84AD-4923171EDACD}.Debug|Any CPU.ActiveCfg = Debug|Any CPU
		{7FBA113C-0E89-4733-84AD-4923171EDACD}.Debug|Any CPU.Build.0 = Debug|Any CPU
		{7FBA113C-0E89-4733-84AD-4923171EDACD}.Release|Any CPU.ActiveCfg = Release|Any CPU
		{7FBA113C-0E89-4733-84AD-4923171EDACD}.Release|Any CPU.Build.0 = Release|Any CPU
		{719ECB19-2DD2-4152-8D0D-7A453FA34046}.Debug|Any CPU.ActiveCfg = Debug|Any CPU
		{719ECB19-2DD2-4152-8D0D-7A453FA34046}.Debug|Any CPU.Build.0 = Debug|Any CPU
		{719ECB19-2DD2-4152-8D0D-7A453FA34046}.Release|Any CPU.ActiveCfg = Release|Any CPU
		{719ECB19-2DD2-4152-8D0D-7A453FA34046}.Release|Any CPU.Build.0 = Release|Any CPU
	EndGlobalSection
EndGlobal
